
Microsoft Visual Studio Solution File, Format Version 12.00
# Visual Studio Version 17
VisualStudioVersion = 17.14.36623.8 d17.14
MinimumVisualStudioVersion = 10.0.40219.1
Project("{2150E333-8FDC-42A3-9474-1A3956D46DE8}") = "Task0", "Task0", "{02EA681E-C7D8-13C7-8484-4AC65E1B71E8}"
EndProject
Project("{FAE04EC0-301F-11D3-BF4B-00C04F79EFBC}") = "Tyuiu.RadkoVO.Sprint2.Task0.V17", "Tyuiu.RadkoVO.Sprint2.Task0.V17\Tyuiu.RadkoVO.Sprint2.Task0.V17.csproj", "{153ED77F-77B4-4202-BEE2-55A9C10F6DEC}"
EndProject
Project("{FAE04EC0-301F-11D3-BF4B-00C04F79EFBC}") = "Tyuiu.RadkoVO.Sprint2.Task0.V17.Lib", "Tyuiu.RadkoVO.Sprint2.Task0.V17.Lib\Tyuiu.RadkoVO.Sprint2.Task0.V17.Lib.csproj", "{99F886BD-B4DB-4C2A-BA9F-17C1B72E071E}"
EndProject
Project("{FAE04EC0-301F-11D3-BF4B-00C04F79EFBC}") = "Tyuiu.RadkoVO.Sprint2.Task0.V17.Test", "Tyuiu.RadkoVO.Sprint2.Task0.V17.Test\Tyuiu.RadkoVO.Sprint2.Task0.V17.Test.csproj", "{F7D6C333-6D77-4BD2-B2ED-344EA3FF4318}"
EndProject
Project("{2150E333-8FDC-42A3-9474-1A3956D46DE8}") = "Task1", "Task1", "{3C894CFA-2B41-4FA2-90D4-20795818A557}"
EndProject
Project("{FAE04EC0-301F-11D3-BF4B-00C04F79EFBC}") = "Tyuiu.RadkoVO.Sprint2.Task1.V20", "Tyuiu.RadkoVO.Sprint2.Task1.V20\Tyuiu.RadkoVO.Sprint2.Task1.V20.csproj", "{58D700EB-3DF1-430B-ACC2-B9F3D49D4A07}"
EndProject
Project("{FAE04EC0-301F-11D3-BF4B-00C04F79EFBC}") = "Tyuiu.RadkoVO.Sprint2.Task1.V20.Lib", "Tyuiu.RadkoVO.Sprint2.Task1.V20.Lib\Tyuiu.RadkoVO.Sprint2.Task1.V20.Lib.csproj", "{AA93142F-458D-48C4-99F8-5063AE3651A7}"
EndProject
Project("{FAE04EC0-301F-11D3-BF4B-00C04F79EFBC}") = "Tyuiu.RadkoVO.Sprint2.Task1.V20.Test", "Tyuiu.RadkoVO.Sprint2.Task1.V20.Test\Tyuiu.RadkoVO.Sprint2.Task1.V20.Test.csproj", "{49A391A0-9A99-467C-B9CD-823E38EF60BF}"
EndProject
Project("{2150E333-8FDC-42A3-9474-1A3956D46DE8}") = "Task2", "Task2", "{A008FAE5-BA9E-44D2-85FE-C33119A01CE4}"
EndProject
Project("{FAE04EC0-301F-11D3-BF4B-00C04F79EFBC}") = "Tyuiu.RadkoVO.Sprint2.Task2.V1", "Tyuiu.RadkoVO.Sprint2.Task2.V1\Tyuiu.RadkoVO.Sprint2.Task2.V1.csproj", "{EE8060DF-971B-4EE2-87DA-9FFAC060A4CE}"
EndProject
Project("{FAE04EC0-301F-11D3-BF4B-00C04F79EFBC}") = "Tyuiu.RadkoVO.Sprint2.Task2.V1.Lib", "Tyuiu.RadkoVO.Sprint2.Task2.V1.Lib\Tyuiu.RadkoVO.Sprint2.Task2.V1.Lib.csproj", "{110064BD-5E59-4D05-863F-CF5F8BF5EE42}"
EndProject
Project("{FAE04EC0-301F-11D3-BF4B-00C04F79EFBC}") = "Tyuiu.RadkoVO.Sprint2.Task2.V1.Test", "Tyuiu.RadkoVO.Sprint2.Task2.V1.Test\Tyuiu.RadkoVO.Sprint2.Task2.V1.Test.csproj", "{65D08586-28E0-470B-AD2F-B820AE265DF1}"
EndProject
Project("{2150E333-8FDC-42A3-9474-1A3956D46DE8}") = "Task3", "Task3", "{E3D7B1D4-2EDF-4007-A7B1-FD6CBF694E9D}"
EndProject
Project("{FAE04EC0-301F-11D3-BF4B-00C04F79EFBC}") = "Tyuiu.RadkoVO.Sprint2.Task3.V25", "Tyuiu.RadkoVO.Sprint2.Task3.V25\Tyuiu.RadkoVO.Sprint2.Task3.V25.csproj", "{06A15F6A-69AB-4607-AD48-C829BFCC271A}"
EndProject
Project("{FAE04EC0-301F-11D3-BF4B-00C04F79EFBC}") = "Tyuiu.RadkoVO.Sprint2.Task3.V25.Lib", "Tyuiu.RadkoVO.Sprint2.Task3.V25.Lib\Tyuiu.RadkoVO.Sprint2.Task3.V25.Lib.csproj", "{8D07C0D1-68CD-4D10-A4CF-BC7E149666E6}"
EndProject
Project("{FAE04EC0-301F-11D3-BF4B-00C04F79EFBC}") = "Tyuiu.RadkoVO.Sprint2.Task3.V25.Test", "Tyuiu.RadkoVO.Sprint2.Task3.V25.Test\Tyuiu.RadkoVO.Sprint2.Task3.V25.Test.csproj", "{2DDF3315-8CC1-453C-9F09-3A376528779D}"
EndProject
Project("{2150E333-8FDC-42A3-9474-1A3956D46DE8}") = "Task4", "Task4", "{34EBC15B-A25F-46D9-BBA4-D1F9C49A9106}"
EndProject
Project("{FAE04EC0-301F-11D3-BF4B-00C04F79EFBC}") = "Tyuiu.RadkoVO.Sprint2.Task4.V22", "Tyuiu.RadkoVO.Sprint2.Task4.V22\Tyuiu.RadkoVO.Sprint2.Task4.V22.csproj", "{7CD8CC8E-CFB0-462D-8EF7-F0D36FCC57DB}"
EndProject
Project("{FAE04EC0-301F-11D3-BF4B-00C04F79EFBC}") = "Tyuiu.RadkoVO.Sprint2.Task4.V22.Lib", "Tyuiu.RadkoVO.Sprint2.Task4.V22.Lib\Tyuiu.RadkoVO.Sprint2.Task4.V22.Lib.csproj", "{A703C525-9711-4A7D-A3D3-76FB1396F678}"
EndProject
Project("{FAE04EC0-301F-11D3-BF4B-00C04F79EFBC}") = "Tyuiu.RadkoVO.Sprint2.Task4.V22.Test", "Tyuiu.RadkoVO.Sprint2.Task4.V22.Test\Tyuiu.RadkoVO.Sprint2.Task4.V22.Test.csproj", "{E7DAFCE6-129B-471D-9387-A7651305150A}"
EndProject
Global
	GlobalSection(SolutionConfigurationPlatforms) = preSolution
		Debug|Any CPU = Debug|Any CPU
		Release|Any CPU = Release|Any CPU
	EndGlobalSection
	GlobalSection(ProjectConfigurationPlatforms) = postSolution
		{153ED77F-77B4-4202-BEE2-55A9C10F6DEC}.Debug|Any CPU.ActiveCfg = Debug|Any CPU
		{153ED77F-77B4-4202-BEE2-55A9C10F6DEC}.Debug|Any CPU.Build.0 = Debug|Any CPU
		{153ED77F-77B4-4202-BEE2-55A9C10F6DEC}.Release|Any CPU.ActiveCfg = Release|Any CPU
		{153ED77F-77B4-4202-BEE2-55A9C10F6DEC}.Release|Any CPU.Build.0 = Release|Any CPU
		{99F886BD-B4DB-4C2A-BA9F-17C1B72E071E}.Debug|Any CPU.ActiveCfg = Debug|Any CPU
		{99F886BD-B4DB-4C2A-BA9F-17C1B72E071E}.Debug|Any CPU.Build.0 = Debug|Any CPU
		{99F886BD-B4DB-4C2A-BA9F-17C1B72E071E}.Release|Any CPU.ActiveCfg = Release|Any CPU
		{99F886BD-B4DB-4C2A-BA9F-17C1B72E071E}.Release|Any CPU.Build.0 = Release|Any CPU
		{F7D6C333-6D77-4BD2-B2ED-344EA3FF4318}.Debug|Any CPU.ActiveCfg = Debug|Any CPU
		{F7D6C333-6D77-4BD2-B2ED-344EA3FF4318}.Debug|Any CPU.Build.0 = Debug|Any CPU
		{F7D6C333-6D77-4BD2-B2ED-344EA3FF4318}.Release|Any CPU.ActiveCfg = Release|Any CPU
		{F7D6C333-6D77-4BD2-B2ED-344EA3FF4318}.Release|Any CPU.Build.0 = Release|Any CPU
		{58D700EB-3DF1-430B-ACC2-B9F3D49D4A07}.Debug|Any CPU.ActiveCfg = Debug|Any CPU
		{58D700EB-3DF1-430B-ACC2-B9F3D49D4A07}.Debug|Any CPU.Build.0 = Debug|Any CPU
		{58D700EB-3DF1-430B-ACC2-B9F3D49D4A07}.Release|Any CPU.ActiveCfg = Release|Any CPU
		{58D700EB-3DF1-430B-ACC2-B9F3D49D4A07}.Release|Any CPU.Build.0 = Release|Any CPU
		{AA93142F-458D-48C4-99F8-5063AE3651A7}.Debug|Any CPU.ActiveCfg = Debug|Any CPU
		{AA93142F-458D-48C4-99F8-5063AE3651A7}.Debug|Any CPU.Build.0 = Debug|Any CPU
		{AA93142F-458D-48C4-99F8-5063AE3651A7}.Release|Any CPU.ActiveCfg = Release|Any CPU
		{AA93142F-458D-48C4-99F8-5063AE3651A7}.Release|Any CPU.Build.0 = Release|Any CPU
		{49A391A0-9A99-467C-B9CD-823E38EF60BF}.Debug|Any CPU.ActiveCfg = Debug|Any CPU
		{49A391A0-9A99-467C-B9CD-823E38EF60BF}.Debug|Any CPU.Build.0 = Debug|Any CPU
		{49A391A0-9A99-467C-B9CD-823E38EF60BF}.Release|Any CPU.ActiveCfg = Release|Any CPU
		{49A391A0-9A99-467C-B9CD-823E38EF60BF}.Release|Any CPU.Build.0 = Release|Any CPU
		{EE8060DF-971B-4EE2-87DA-9FFAC060A4CE}.Debug|Any CPU.ActiveCfg = Debug|Any CPU
		{EE8060DF-971B-4EE2-87DA-9FFAC060A4CE}.Debug|Any CPU.Build.0 = Debug|Any CPU
		{EE8060DF-971B-4EE2-87DA-9FFAC060A4CE}.Release|Any CPU.ActiveCfg = Release|Any CPU
		{EE8060DF-971B-4EE2-87DA-9FFAC060A4CE}.Release|Any CPU.Build.0 = Release|Any CPU
		{110064BD-5E59-4D05-863F-CF5F8BF5EE42}.Debug|Any CPU.ActiveCfg = Debug|Any CPU
		{110064BD-5E59-4D05-863F-CF5F8BF5EE42}.Debug|Any CPU.Build.0 = Debug|Any CPU
		{110064BD-5E59-4D05-863F-CF5F8BF5EE42}.Release|Any CPU.ActiveCfg = Release|Any CPU
		{110064BD-5E59-4D05-863F-CF5F8BF5EE42}.Release|Any CPU.Build.0 = Release|Any CPU
		{65D08586-28E0-470B-AD2F-B820AE265DF1}.Debug|Any CPU.ActiveCfg = Debug|Any CPU
		{65D08586-28E0-470B-AD2F-B820AE265DF1}.Debug|Any CPU.Build.0 = Debug|Any CPU
		{65D08586-28E0-470B-AD2F-B820AE265DF1}.Release|Any CPU.ActiveCfg = Release|Any CPU
		{65D08586-28E0-470B-AD2F-B820AE265DF1}.Release|Any CPU.Build.0 = Release|Any CPU
		{06A15F6A-69AB-4607-AD48-C829BFCC271A}.Debug|Any CPU.ActiveCfg = Debug|Any CPU
		{06A15F6A-69AB-4607-AD48-C829BFCC271A}.Debug|Any CPU.Build.0 = Debug|Any CPU
		{06A15F6A-69AB-4607-AD48-C829BFCC271A}.Release|Any CPU.ActiveCfg = Release|Any CPU
		{06A15F6A-69AB-4607-AD48-C829BFCC271A}.Release|Any CPU.Build.0 = Release|Any CPU
		{8D07C0D1-68CD-4D10-A4CF-BC7E149666E6}.Debug|Any CPU.ActiveCfg = Debug|Any CPU
		{8D07C0D1-68CD-4D10-A4CF-BC7E149666E6}.Debug|Any CPU.Build.0 = Debug|Any CPU
		{8D07C0D1-68CD-4D10-A4CF-BC7E149666E6}.Release|Any CPU.ActiveCfg = Release|Any CPU
		{8D07C0D1-68CD-4D10-A4CF-BC7E149666E6}.Release|Any CPU.Build.0 = Release|Any CPU
		{2DDF3315-8CC1-453C-9F09-3A376528779D}.Debug|Any CPU.ActiveCfg = Debug|Any CPU
		{2DDF3315-8CC1-453C-9F09-3A376528779D}.Debug|Any CPU.Build.0 = Debug|Any CPU
		{2DDF3315-8CC1-453C-9F09-3A376528779D}.Release|Any CPU.ActiveCfg = Release|Any CPU
		{2DDF3315-8CC1-453C-9F09-3A376528779D}.Release|Any CPU.Build.0 = Release|Any CPU
		{7CD8CC8E-CFB0-462D-8EF7-F0D36FCC57DB}.Debug|Any CPU.ActiveCfg = Debug|Any CPU
		{7CD8CC8E-CFB0-462D-8EF7-F0D36FCC57DB}.Debug|Any CPU.Build.0 = Debug|Any CPU
		{7CD8CC8E-CFB0-462D-8EF7-F0D36FCC57DB}.Release|Any CPU.ActiveCfg = Release|Any CPU
		{7CD8CC8E-CFB0-462D-8EF7-F0D36FCC57DB}.Release|Any CPU.Build.0 = Release|Any CPU
		{A703C525-9711-4A7D-A3D3-76FB1396F678}.Debug|Any CPU.ActiveCfg = Debug|Any CPU
		{A703C525-9711-4A7D-A3D3-76FB1396F678}.Debug|Any CPU.Build.0 = Debug|Any CPU
		{A703C525-9711-4A7D-A3D3-76FB1396F678}.Release|Any CPU.ActiveCfg = Release|Any CPU
		{A703C525-9711-4A7D-A3D3-76FB1396F678}.Release|Any CPU.Build.0 = Release|Any CPU
		{E7DAFCE6-129B-471D-9387-A7651305150A}.Debug|Any CPU.ActiveCfg = Debug|Any CPU
		{E7DAFCE6-129B-471D-9387-A7651305150A}.Debug|Any CPU.Build.0 = Debug|Any CPU
		{E7DAFCE6-129B-471D-9387-A7651305150A}.Release|Any CPU.ActiveCfg = Release|Any CPU
		{E7DAFCE6-129B-471D-9387-A7651305150A}.Release|Any CPU.Build.0 = Release|Any CPU
	EndGlobalSection
	GlobalSection(SolutionProperties) = preSolution
		HideSolutionNode = FALSE
	EndGlobalSection
	GlobalSection(NestedProjects) = preSolution
		{153ED77F-77B4-4202-BEE2-55A9C10F6DEC} = {02EA681E-C7D8-13C7-8484-4AC65E1B71E8}
		{99F886BD-B4DB-4C2A-BA9F-17C1B72E071E} = {02EA681E-C7D8-13C7-8484-4AC65E1B71E8}
		{F7D6C333-6D77-4BD2-B2ED-344EA3FF4318} = {02EA681E-C7D8-13C7-8484-4AC65E1B71E8}
		{58D700EB-3DF1-430B-ACC2-B9F3D49D4A07} = {3C894CFA-2B41-4FA2-90D4-20795818A557}
		{AA93142F-458D-48C4-99F8-5063AE3651A7} = {3C894CFA-2B41-4FA2-90D4-20795818A557}
		{49A391A0-9A99-467C-B9CD-823E38EF60BF} = {3C894CFA-2B41-4FA2-90D4-20795818A557}
		{EE8060DF-971B-4EE2-87DA-9FFAC060A4CE} = {A008FAE5-BA9E-44D2-85FE-C33119A01CE4}
		{110064BD-5E59-4D05-863F-CF5F8BF5EE42} = {A008FAE5-BA9E-44D2-85FE-C33119A01CE4}
		{65D08586-28E0-470B-AD2F-B820AE265DF1} = {A008FAE5-BA9E-44D2-85FE-C33119A01CE4}
		{06A15F6A-69AB-4607-AD48-C829BFCC271A} = {E3D7B1D4-2EDF-4007-A7B1-FD6CBF694E9D}
		{8D07C0D1-68CD-4D10-A4CF-BC7E149666E6} = {E3D7B1D4-2EDF-4007-A7B1-FD6CBF694E9D}
		{2DDF3315-8CC1-453C-9F09-3A376528779D} = {E3D7B1D4-2EDF-4007-A7B1-FD6CBF694E9D}
		{7CD8CC8E-CFB0-462D-8EF7-F0D36FCC57DB} = {34EBC15B-A25F-46D9-BBA4-D1F9C49A9106}
		{A703C525-9711-4A7D-A3D3-76FB1396F678} = {34EBC15B-A25F-46D9-BBA4-D1F9C49A9106}
		{E7DAFCE6-129B-471D-9387-A7651305150A} = {34EBC15B-A25F-46D9-BBA4-D1F9C49A9106}
	EndGlobalSection
	GlobalSection(ExtensibilityGlobals) = postSolution
		SolutionGuid = {B9B4F29D-EF56-46AB-A150-EB67981F6F11}
	EndGlobalSection
EndGlobal
